// !$*UTF8*$!
{
	archiveVersion = 1;
	classes = {
	};
	objectVersion = 56;
	objects = {

/* Begin PBXBuildFile section */
		2424ECEE2AAC70DF006417EB /* AppDelegate.swift in Sources */ = {isa = PBXBuildFile; fileRef = 2424ECED2AAC70DF006417EB /* AppDelegate.swift */; };
		2424ECF02AAC70DF006417EB /* SceneDelegate.swift in Sources */ = {isa = PBXBuildFile; fileRef = 2424ECEF2AAC70DF006417EB /* SceneDelegate.swift */; };
		2424ECF72AAC70E0006417EB /* Assets.xcassets in Resources */ = {isa = PBXBuildFile; fileRef = 2424ECF62AAC70E0006417EB /* Assets.xcassets */; };
		2424ECFA2AAC70E0006417EB /* LaunchScreen.storyboard in Resources */ = {isa = PBXBuildFile; fileRef = 2424ECF82AAC70E0006417EB /* LaunchScreen.storyboard */; };
		2424ED062AAC7C5F006417EB /* MainTabBarController.swift in Sources */ = {isa = PBXBuildFile; fileRef = 2424ED052AAC7C5F006417EB /* MainTabBarController.swift */; };
		2424ED082AAC7ECA006417EB /* TagViewController.swift in Sources */ = {isa = PBXBuildFile; fileRef = 2424ED072AAC7ECA006417EB /* TagViewController.swift */; };
		2424ED0B2AAC814A006417EB /* UILabel + Extensions.swift in Sources */ = {isa = PBXBuildFile; fileRef = 2424ED0A2AAC814A006417EB /* UILabel + Extensions.swift */; };
		2424ED0E2AAC8360006417EB /* UIStackView + Extensions.swift in Sources */ = {isa = PBXBuildFile; fileRef = 2424ED0D2AAC8360006417EB /* UIStackView + Extensions.swift */; };
/* End PBXBuildFile section */

/* Begin PBXFileReference section */
		2424ECEA2AAC70DF006417EB /* LocaPlace.app */ = {isa = PBXFileReference; explicitFileType = wrapper.application; includeInIndex = 0; path = LocaPlace.app; sourceTree = BUILT_PRODUCTS_DIR; };
		2424ECED2AAC70DF006417EB /* AppDelegate.swift */ = {isa = PBXFileReference; lastKnownFileType = sourcecode.swift; path = AppDelegate.swift; sourceTree = "<group>"; };
		2424ECEF2AAC70DF006417EB /* SceneDelegate.swift */ = {isa = PBXFileReference; lastKnownFileType = sourcecode.swift; path = SceneDelegate.swift; sourceTree = "<group>"; };
		2424ECF62AAC70E0006417EB /* Assets.xcassets */ = {isa = PBXFileReference; lastKnownFileType = folder.assetcatalog; path = Assets.xcassets; sourceTree = "<group>"; };
		2424ECF92AAC70E0006417EB /* Base */ = {isa = PBXFileReference; lastKnownFileType = file.storyboard; name = Base; path = Base.lproj/LaunchScreen.storyboard; sourceTree = "<group>"; };
		2424ECFB2AAC70E0006417EB /* Info.plist */ = {isa = PBXFileReference; lastKnownFileType = text.plist.xml; path = Info.plist; sourceTree = "<group>"; };
		2424ED052AAC7C5F006417EB /* MainTabBarController.swift */ = {isa = PBXFileReference; lastKnownFileType = sourcecode.swift; path = MainTabBarController.swift; sourceTree = "<group>"; };
		2424ED072AAC7ECA006417EB /* TagViewController.swift */ = {isa = PBXFileReference; lastKnownFileType = sourcecode.swift; path = TagViewController.swift; sourceTree = "<group>"; };
		2424ED0A2AAC814A006417EB /* UILabel + Extensions.swift */ = {isa = PBXFileReference; lastKnownFileType = sourcecode.swift; path = "UILabel + Extensions.swift"; sourceTree = "<group>"; };
		2424ED0D2AAC8360006417EB /* UIStackView + Extensions.swift */ = {isa = PBXFileReference; lastKnownFileType = sourcecode.swift; path = "UIStackView + Extensions.swift"; sourceTree = "<group>"; };
/* End PBXFileReference section */

/* Begin PBXFrameworksBuildPhase section */
		2424ECE72AAC70DF006417EB /* Frameworks */ = {
			isa = PBXFrameworksBuildPhase;
			buildActionMask = 2147483647;
			files = (
			);
			runOnlyForDeploymentPostprocessing = 0;
		};
/* End PBXFrameworksBuildPhase section */

/* Begin PBXGroup section */
		2424ECE12AAC70DF006417EB = {
			isa = PBXGroup;
			children = (
				2424ECEC2AAC70DF006417EB /* LocaPlace */,
				2424ECEB2AAC70DF006417EB /* Products */,
			);
			sourceTree = "<group>";
		};
		2424ECEB2AAC70DF006417EB /* Products */ = {
			isa = PBXGroup;
			children = (
				2424ECEA2AAC70DF006417EB /* LocaPlace.app */,
			);
			name = Products;
			sourceTree = "<group>";
		};
		2424ECEC2AAC70DF006417EB /* LocaPlace */ = {
			isa = PBXGroup;
			children = (
				2424ED012AAC717E006417EB /* Application */,
				2424ED092AAC7F5D006417EB /* TabBar */,
				2424ED022AAC7189006417EB /* Controllers */,
				2424ED042AAC739D006417EB /* Views */,
				2424ED0C2AAC8161006417EB /* Extensions */,
				2424ED032AAC719B006417EB /* Resources */,
			);
			path = LocaPlace;
			sourceTree = "<group>";
		};
		2424ED012AAC717E006417EB /* Application */ = {
			isa = PBXGroup;
			children = (
				2424ECED2AAC70DF006417EB /* AppDelegate.swift */,
				2424ECEF2AAC70DF006417EB /* SceneDelegate.swift */,
			);
			path = Application;
			sourceTree = "<group>";
		};
		2424ED022AAC7189006417EB /* Controllers */ = {
			isa = PBXGroup;
			children = (
				2424ED072AAC7ECA006417EB /* TagViewController.swift */,
			);
			path = Controllers;
			sourceTree = "<group>";
		};
		2424ED032AAC719B006417EB /* Resources */ = {
			isa = PBXGroup;
			children = (
				2424ECF62AAC70E0006417EB /* Assets.xcassets */,
				2424ECF82AAC70E0006417EB /* LaunchScreen.storyboard */,
				2424ECFB2AAC70E0006417EB /* Info.plist */,
			);
			path = Resources;
			sourceTree = "<group>";
		};
		2424ED042AAC739D006417EB /* Views */ = {
			isa = PBXGroup;
			children = (
			);
			path = Views;
			sourceTree = "<group>";
		};
		2424ED092AAC7F5D006417EB /* TabBar */ = {
			isa = PBXGroup;
			children = (
				2424ED052AAC7C5F006417EB /* MainTabBarController.swift */,
			);
			path = TabBar;
			sourceTree = "<group>";
		};
		2424ED0C2AAC8161006417EB /* Extensions */ = {
			isa = PBXGroup;
			children = (
				2424ED0A2AAC814A006417EB /* UILabel + Extensions.swift */,
				2424ED0D2AAC8360006417EB /* UIStackView + Extensions.swift */,
			);
			path = Extensions;
			sourceTree = "<group>";
		};
/* End PBXGroup section */

/* Begin PBXNativeTarget section */
		2424ECE92AAC70DF006417EB /* LocaPlace */ = {
			isa = PBXNativeTarget;
			buildConfigurationList = 2424ECFE2AAC70E0006417EB /* Build configuration list for PBXNativeTarget "LocaPlace" */;
			buildPhases = (
				2424ECE62AAC70DF006417EB /* Sources */,
				2424ECE72AAC70DF006417EB /* Frameworks */,
				2424ECE82AAC70DF006417EB /* Resources */,
			);
			buildRules = (
			);
			dependencies = (
			);
			name = LocaPlace;
			productName = LocaPlace;
			productReference = 2424ECEA2AAC70DF006417EB /* LocaPlace.app */;
			productType = "com.apple.product-type.application";
		};
/* End PBXNativeTarget section */

/* Begin PBXProject section */
		2424ECE22AAC70DF006417EB /* Project object */ = {
			isa = PBXProject;
			attributes = {
				BuildIndependentTargetsInParallel = 1;
				LastSwiftUpdateCheck = 1430;
				LastUpgradeCheck = 1430;
				TargetAttributes = {
					2424ECE92AAC70DF006417EB = {
						CreatedOnToolsVersion = 14.3.1;
					};
				};
			};
			buildConfigurationList = 2424ECE52AAC70DF006417EB /* Build configuration list for PBXProject "LocaPlace" */;
			compatibilityVersion = "Xcode 14.0";
			developmentRegion = en;
			hasScannedForEncodings = 0;
			knownRegions = (
				en,
				Base,
			);
			mainGroup = 2424ECE12AAC70DF006417EB;
			productRefGroup = 2424ECEB2AAC70DF006417EB /* Products */;
			projectDirPath = "";
			projectRoot = "";
			targets = (
				2424ECE92AAC70DF006417EB /* LocaPlace */,
			);
		};
/* End PBXProject section */

/* Begin PBXResourcesBuildPhase section */
		2424ECE82AAC70DF006417EB /* Resources */ = {
			isa = PBXResourcesBuildPhase;
			buildActionMask = 2147483647;
			files = (
				2424ECFA2AAC70E0006417EB /* LaunchScreen.storyboard in Resources */,
				2424ECF72AAC70E0006417EB /* Assets.xcassets in Resources */,
			);
			runOnlyForDeploymentPostprocessing = 0;
		};
/* End PBXResourcesBuildPhase section */

/* Begin PBXSourcesBuildPhase section */
		2424ECE62AAC70DF006417EB /* Sources */ = {
			isa = PBXSourcesBuildPhase;
			buildActionMask = 2147483647;
			files = (
				2424ED0B2AAC814A006417EB /* UILabel + Extensions.swift in Sources */,
				2424ED0E2AAC8360006417EB /* UIStackView + Extensions.swift in Sources */,
				2424ECEE2AAC70DF006417EB /* AppDelegate.swift in Sources */,
				2424ED082AAC7ECA006417EB /* TagViewController.swift in Sources */,
				2424ECF02AAC70DF006417EB /* SceneDelegate.swift in Sources */,
				2424ED062AAC7C5F006417EB /* MainTabBarController.swift in Sources */,
			);
			runOnlyForDeploymentPostprocessing = 0;
		};
/* End PBXSourcesBuildPhase section */

/* Begin PBXVariantGroup section */
		2424ECF82AAC70E0006417EB /* LaunchScreen.storyboard */ = {
			isa = PBXVariantGroup;
			children = (
				2424ECF92AAC70E0006417EB /* Base */,
			);
			name = LaunchScreen.storyboard;
			sourceTree = "<group>";
		};
/* End PBXVariantGroup section */

/* Begin XCBuildConfiguration section */
		2424ECFC2AAC70E0006417EB /* Debug */ = {
			isa = XCBuildConfiguration;
			buildSettings = {
				ALWAYS_SEARCH_USER_PATHS = NO;
				CLANG_ANALYZER_NONNULL = YES;
				CLANG_ANALYZER_NUMBER_OBJECT_CONVERSION = YES_AGGRESSIVE;
				CLANG_CXX_LANGUAGE_STANDARD = "gnu++20";
				CLANG_ENABLE_MODULES = YES;
				CLANG_ENABLE_OBJC_ARC = YES;
				CLANG_ENABLE_OBJC_WEAK = YES;
				CLANG_WARN_BLOCK_CAPTURE_AUTORELEASING = YES;
				CLANG_WARN_BOOL_CONVERSION = YES;
				CLANG_WARN_COMMA = YES;
				CLANG_WARN_CONSTANT_CONVERSION = YES;
				CLANG_WARN_DEPRECATED_OBJC_IMPLEMENTATIONS = YES;
				CLANG_WARN_DIRECT_OBJC_ISA_USAGE = YES_ERROR;
				CLANG_WARN_DOCUMENTATION_COMMENTS = YES;
				CLANG_WARN_EMPTY_BODY = YES;
				CLANG_WARN_ENUM_CONVERSION = YES;
				CLANG_WARN_INFINITE_RECURSION = YES;
				CLANG_WARN_INT_CONVERSION = YES;
				CLANG_WARN_NON_LITERAL_NULL_CONVERSION = YES;
				CLANG_WARN_OBJC_IMPLICIT_RETAIN_SELF = YES;
				CLANG_WARN_OBJC_LITERAL_CONVERSION = YES;
				CLANG_WARN_OBJC_ROOT_CLASS = YES_ERROR;
				CLANG_WARN_QUOTED_INCLUDE_IN_FRAMEWORK_HEADER = YES;
				CLANG_WARN_RANGE_LOOP_ANALYSIS = YES;
				CLANG_WARN_STRICT_PROTOTYPES = YES;
				CLANG_WARN_SUSPICIOUS_MOVE = YES;
				CLANG_WARN_UNGUARDED_AVAILABILITY = YES_AGGRESSIVE;
				CLANG_WARN_UNREACHABLE_CODE = YES;
				CLANG_WARN__DUPLICATE_METHOD_MATCH = YES;
				COPY_PHASE_STRIP = NO;
				DEBUG_INFORMATION_FORMAT = dwarf;
				ENABLE_STRICT_OBJC_MSGSEND = YES;
				ENABLE_TESTABILITY = YES;
				GCC_C_LANGUAGE_STANDARD = gnu11;
				GCC_DYNAMIC_NO_PIC = NO;
				GCC_NO_COMMON_BLOCKS = YES;
				GCC_OPTIMIZATION_LEVEL = 0;
				GCC_PREPROCESSOR_DEFINITIONS = (
					"DEBUG=1",
					"$(inherited)",
				);
				GCC_WARN_64_TO_32_BIT_CONVERSION = YES;
				GCC_WARN_ABOUT_RETURN_TYPE = YES_ERROR;
				GCC_WARN_UNDECLARED_SELECTOR = YES;
				GCC_WARN_UNINITIALIZED_AUTOS = YES_AGGRESSIVE;
				GCC_WARN_UNUSED_FUNCTION = YES;
				GCC_WARN_UNUSED_VARIABLE = YES;
				IPHONEOS_DEPLOYMENT_TARGET = 16.4;
				MTL_ENABLE_DEBUG_INFO = INCLUDE_SOURCE;
				MTL_FAST_MATH = YES;
				ONLY_ACTIVE_ARCH = YES;
				SDKROOT = iphoneos;
				SWIFT_ACTIVE_COMPILATION_CONDITIONS = DEBUG;
				SWIFT_OPTIMIZATION_LEVEL = "-Onone";
			};
			name = Debug;
		};
		2424ECFD2AAC70E0006417EB /* Release */ = {
			isa = XCBuildConfiguration;
			buildSettings = {
				ALWAYS_SEARCH_USER_PATHS = NO;
				CLANG_ANALYZER_NONNULL = YES;
				CLANG_ANALYZER_NUMBER_OBJECT_CONVERSION = YES_AGGRESSIVE;
				CLANG_CXX_LANGUAGE_STANDARD = "gnu++20";
				CLANG_ENABLE_MODULES = YES;
				CLANG_ENABLE_OBJC_ARC = YES;
				CLANG_ENABLE_OBJC_WEAK = YES;
				CLANG_WARN_BLOCK_CAPTURE_AUTORELEASING = YES;
				CLANG_WARN_BOOL_CONVERSION = YES;
				CLANG_WARN_COMMA = YES;
				CLANG_WARN_CONSTANT_CONVERSION = YES;
				CLANG_WARN_DEPRECATED_OBJC_IMPLEMENTATIONS = YES;
				CLANG_WARN_DIRECT_OBJC_ISA_USAGE = YES_ERROR;
				CLANG_WARN_DOCUMENTATION_COMMENTS = YES;
				CLANG_WARN_EMPTY_BODY = YES;
				CLANG_WARN_ENUM_CONVERSION = YES;
				CLANG_WARN_INFINITE_RECURSION = YES;
				CLANG_WARN_INT_CONVERSION = YES;
				CLANG_WARN_NON_LITERAL_NULL_CONVERSION = YES;
				CLANG_WARN_OBJC_IMPLICIT_RETAIN_SELF = YES;
				CLANG_WARN_OBJC_LITERAL_CONVERSION = YES;
				CLANG_WARN_OBJC_ROOT_CLASS = YES_ERROR;
				CLANG_WARN_QUOTED_INCLUDE_IN_FRAMEWORK_HEADER = YES;
				CLANG_WARN_RANGE_LOOP_ANALYSIS = YES;
				CLANG_WARN_STRICT_PROTOTYPES = YES;
				CLANG_WARN_SUSPICIOUS_MOVE = YES;
				CLANG_WARN_UNGUARDED_AVAILABILITY = YES_AGGRESSIVE;
				CLANG_WARN_UNREACHABLE_CODE = YES;
				CLANG_WARN__DUPLICATE_METHOD_MATCH = YES;
				COPY_PHASE_STRIP = NO;
				DEBUG_INFORMATION_FORMAT = "dwarf-with-dsym";
				ENABLE_NS_ASSERTIONS = NO;
				ENABLE_STRICT_OBJC_MSGSEND = YES;
				GCC_C_LANGUAGE_STANDARD = gnu11;
				GCC_NO_COMMON_BLOCKS = YES;
				GCC_WARN_64_TO_32_BIT_CONVERSION = YES;
				GCC_WARN_ABOUT_RETURN_TYPE = YES_ERROR;
				GCC_WARN_UNDECLARED_SELECTOR = YES;
				GCC_WARN_UNINITIALIZED_AUTOS = YES_AGGRESSIVE;
				GCC_WARN_UNUSED_FUNCTION = YES;
				GCC_WARN_UNUSED_VARIABLE = YES;
				IPHONEOS_DEPLOYMENT_TARGET = 16.4;
				MTL_ENABLE_DEBUG_INFO = NO;
				MTL_FAST_MATH = YES;
				SDKROOT = iphoneos;
				SWIFT_COMPILATION_MODE = wholemodule;
				SWIFT_OPTIMIZATION_LEVEL = "-O";
				VALIDATE_PRODUCT = YES;
			};
			name = Release;
		};
		2424ECFF2AAC70E0006417EB /* Debug */ = {
			isa = XCBuildConfiguration;
			buildSettings = {
				ASSETCATALOG_COMPILER_APPICON_NAME = AppIcon;
				ASSETCATALOG_COMPILER_GLOBAL_ACCENT_COLOR_NAME = AccentColor;
				CODE_SIGN_STYLE = Automatic;
				CURRENT_PROJECT_VERSION = 1;
				DEVELOPMENT_TEAM = UJRW24XH5L;
				GENERATE_INFOPLIST_FILE = YES;
				INFOPLIST_FILE = LocaPlace/Resources/Info.plist;
				INFOPLIST_KEY_UIApplicationSupportsIndirectInputEvents = YES;
				INFOPLIST_KEY_UILaunchStoryboardName = LaunchScreen;
				INFOPLIST_KEY_UISupportedInterfaceOrientations = UIInterfaceOrientationPortrait;
				INFOPLIST_KEY_UISupportedInterfaceOrientations_iPad = "UIInterfaceOrientationLandscapeLeft UIInterfaceOrientationLandscapeRight UIInterfaceOrientationPortrait UIInterfaceOrientationPortraitUpsideDown";
				LD_RUNPATH_SEARCH_PATHS = (
					"$(inherited)",
					"@executable_path/Frameworks",
				);
				MARKETING_VERSION = 1.0;
				PRODUCT_BUNDLE_IDENTIFIER = com.kodder.LocaPlace;
				PRODUCT_NAME = "$(TARGET_NAME)";
				SUPPORTED_PLATFORMS = "iphoneos iphonesimulator";
				SUPPORTS_MACCATALYST = NO;
				SUPPORTS_MAC_DESIGNED_FOR_IPHONE_IPAD = NO;
				SWIFT_EMIT_LOC_STRINGS = YES;
				SWIFT_VERSION = 5.0;
				TARGETED_DEVICE_FAMILY = 1;
			};
			name = Debug;
		};
		2424ED002AAC70E0006417EB /* Release */ = {
			isa = XCBuildConfiguration;
			buildSettings = {
				ASSETCATALOG_COMPILER_APPICON_NAME = AppIcon;
				ASSETCATALOG_COMPILER_GLOBAL_ACCENT_COLOR_NAME = AccentColor;
				CODE_SIGN_STYLE = Automatic;
				CURRENT_PROJECT_VERSION = 1;
				DEVELOPMENT_TEAM = UJRW24XH5L;
				GENERATE_INFOPLIST_FILE = YES;
				INFOPLIST_FILE = LocaPlace/Resources/Info.plist;
				INFOPLIST_KEY_UIApplicationSupportsIndirectInputEvents = YES;
				INFOPLIST_KEY_UILaunchStoryboardName = LaunchScreen;
				INFOPLIST_KEY_UISupportedInterfaceOrientations = UIInterfaceOrientationPortrait;
				INFOPLIST_KEY_UISupportedInterfaceOrientations_iPad = "UIInterfaceOrientationLandscapeLeft UIInterfaceOrientationLandscapeRight UIInterfaceOrientationPortrait UIInterfaceOrientationPortraitUpsideDown";
				LD_RUNPATH_SEARCH_PATHS = (
					"$(inherited)",
					"@executable_path/Frameworks",
				);
				MARKETING_VERSION = 1.0;
				PRODUCT_BUNDLE_IDENTIFIER = com.kodder.LocaPlace;
				PRODUCT_NAME = "$(TARGET_NAME)";
				SUPPORTED_PLATFORMS = "iphoneos iphonesimulator";
				SUPPORTS_MACCATALYST = NO;
				SUPPORTS_MAC_DESIGNED_FOR_IPHONE_IPAD = NO;
				SWIFT_EMIT_LOC_STRINGS = YES;
				SWIFT_VERSION = 5.0;
				TARGETED_DEVICE_FAMILY = 1;
			};
			name = Release;
		};
/* End XCBuildConfiguration section */

/* Begin XCConfigurationList section */
		2424ECE52AAC70DF006417EB /* Build configuration list for PBXProject "LocaPlace" */ = {
			isa = XCConfigurationList;
			buildConfigurations = (
				2424ECFC2AAC70E0006417EB /* Debug */,
				2424ECFD2AAC70E0006417EB /* Release */,
			);
			defaultConfigurationIsVisible = 0;
			defaultConfigurationName = Release;
		};
		2424ECFE2AAC70E0006417EB /* Build configuration list for PBXNativeTarget "LocaPlace" */ = {
			isa = XCConfigurationList;
			buildConfigurations = (
				2424ECFF2AAC70E0006417EB /* Debug */,
				2424ED002AAC70E0006417EB /* Release */,
			);
			defaultConfigurationIsVisible = 0;
			defaultConfigurationName = Release;
		};
/* End XCConfigurationList section */
	};
	rootObject = 2424ECE22AAC70DF006417EB /* Project object */;
}
